// !$*UTF8*$!
{
	archiveVersion = 1;
	classes = {
	};
	objectVersion = 56;
	objects = {

/* Begin PBXBuildFile section */
		2B1DE9D82941F41D007F7518 /* FinanceManagmentAppApp.swift in Sources */ = {isa = PBXBuildFile; fileRef = 2B1DE9D72941F41D007F7518 /* FinanceManagmentAppApp.swift */; };
		2B1DE9DA2941F41D007F7518 /* ContentView.swift in Sources */ = {isa = PBXBuildFile; fileRef = 2B1DE9D92941F41D007F7518 /* ContentView.swift */; };
		2B1DE9DC2941F41E007F7518 /* Assets.xcassets in Resources */ = {isa = PBXBuildFile; fileRef = 2B1DE9DB2941F41E007F7518 /* Assets.xcassets */; };
		2B1DE9DF2941F41E007F7518 /* Preview Assets.xcassets in Resources */ = {isa = PBXBuildFile; fileRef = 2B1DE9DE2941F41E007F7518 /* Preview Assets.xcassets */; };
		2B1DE9EF2941FEA2007F7518 /* UI.swift in Sources */ = {isa = PBXBuildFile; fileRef = 2B1DE9EE2941FEA2007F7518 /* UI.swift */; };
		2B962C4C2951BD10002DEFDE /* AddToWalletView2.swift in Sources */ = {isa = PBXBuildFile; fileRef = 2B962C4B2951BD10002DEFDE /* AddToWalletView2.swift */; };
		2B962C4E2951BE4E002DEFDE /* AddToWalletView3.swift in Sources */ = {isa = PBXBuildFile; fileRef = 2B962C4D2951BE4E002DEFDE /* AddToWalletView3.swift */; };
		2B962C5F29531297002DEFDE /* FLAnimatedImage in Frameworks */ = {isa = PBXBuildFile; productRef = 2B962C5E29531297002DEFDE /* FLAnimatedImage */; };
		2B962C6129531407002DEFDE /* balanceLine.gif in Resources */ = {isa = PBXBuildFile; fileRef = 2B962C6029531407002DEFDE /* balanceLine.gif */; };
		2BC0801B294C817500B90371 /* WalletMain.swift in Sources */ = {isa = PBXBuildFile; fileRef = 2BC0801A294C817500B90371 /* WalletMain.swift */; };
		2BC0801D294C822600B90371 /* Cards.swift in Sources */ = {isa = PBXBuildFile; fileRef = 2BC0801C294C822600B90371 /* Cards.swift */; };
		2BC0801F294EE2A900B90371 /* InsightsView.swift in Sources */ = {isa = PBXBuildFile; fileRef = 2BC0801E294EE2A900B90371 /* InsightsView.swift */; };
		2BC08023294EEEDC00B90371 /* AccountView.swift in Sources */ = {isa = PBXBuildFile; fileRef = 2BC08022294EEEDC00B90371 /* AccountView.swift */; };
		2BC08025294F39FE00B90371 /* AddToWalletView.swift in Sources */ = {isa = PBXBuildFile; fileRef = 2BC08024294F39FE00B90371 /* AddToWalletView.swift */; };
		2BF567D929475BB700A6E95B /* LoginViewModel.swift in Sources */ = {isa = PBXBuildFile; fileRef = 2BF567D829475BB700A6E95B /* LoginViewModel.swift */; };
		2BF567DB29475CEE00A6E95B /* GoogleService-Info.plist in Resources */ = {isa = PBXBuildFile; fileRef = 2BF567DA29475CEE00A6E95B /* GoogleService-Info.plist */; };
		2BF567DE29475DE300A6E95B /* FirebaseAuth in Frameworks */ = {isa = PBXBuildFile; productRef = 2BF567DD29475DE300A6E95B /* FirebaseAuth */; };
		2BF567E029475EB700A6E95B /* CountriesPhoneCode.swift in Sources */ = {isa = PBXBuildFile; fileRef = 2BF567DF29475EB700A6E95B /* CountriesPhoneCode.swift */; };
		2BF567E5294760F100A6E95B /* PhoneNumberPInfo.swift in Sources */ = {isa = PBXBuildFile; fileRef = 2BF567E4294760F100A6E95B /* PhoneNumberPInfo.swift */; };
		2BF567E72947610900A6E95B /* OTPVerifivationPInfo.swift in Sources */ = {isa = PBXBuildFile; fileRef = 2BF567E62947610900A6E95B /* OTPVerifivationPInfo.swift */; };
		2BF567EB2947734200A6E95B /* SplashView.swift in Sources */ = {isa = PBXBuildFile; fileRef = 2BF567EA2947734200A6E95B /* SplashView.swift */; };
		2BF567ED294773EF00A6E95B /* SetupInfoView.swift in Sources */ = {isa = PBXBuildFile; fileRef = 2BF567EC294773EF00A6E95B /* SetupInfoView.swift */; };
		2BF567F42947BD1300A6E95B /* Login.swift in Sources */ = {isa = PBXBuildFile; fileRef = 2BF567F32947BD1300A6E95B /* Login.swift */; };
		2BF567F62947BD2F00A6E95B /* OTPVerifivation.swift in Sources */ = {isa = PBXBuildFile; fileRef = 2BF567F52947BD2F00A6E95B /* OTPVerifivation.swift */; };
		2BF567F92948648600A6E95B /* FaceIdPermission.swift in Sources */ = {isa = PBXBuildFile; fileRef = 2BF567F82948648600A6E95B /* FaceIdPermission.swift */; };
		2BF567FB2948649600A6E95B /* NotificationsPermission.swift in Sources */ = {isa = PBXBuildFile; fileRef = 2BF567FA2948649600A6E95B /* NotificationsPermission.swift */; };
		2BF568392949139400A6E95B /* User.swift in Sources */ = {isa = PBXBuildFile; fileRef = 2BF568382949139400A6E95B /* User.swift */; };
		2BF5683B294A640E00A6E95B /* APIContentViewModel.swift in Sources */ = {isa = PBXBuildFile; fileRef = 2BF5683A294A640E00A6E95B /* APIContentViewModel.swift */; };
		2BF5683D294A642A00A6E95B /* Transactions.swift in Sources */ = {isa = PBXBuildFile; fileRef = 2BF5683C294A642A00A6E95B /* Transactions.swift */; };
		2BF5683F294A645100A6E95B /* TransactionsView.swift in Sources */ = {isa = PBXBuildFile; fileRef = 2BF5683E294A645100A6E95B /* TransactionsView.swift */; };
		2BF56841294A648C00A6E95B /* API.swift in Sources */ = {isa = PBXBuildFile; fileRef = 2BF56840294A648C00A6E95B /* API.swift */; };
		2BF56843294A649A00A6E95B /* APIService.swift in Sources */ = {isa = PBXBuildFile; fileRef = 2BF56842294A649A00A6E95B /* APIService.swift */; };
		5624E4BB2952022A00F6E701 /* LiabilitesView.swift in Sources */ = {isa = PBXBuildFile; fileRef = 5624E4BA2952022A00F6E701 /* LiabilitesView.swift */; };
		5691E10B294A138000576643 /* PersonalInfoView.swift in Sources */ = {isa = PBXBuildFile; fileRef = 5691E10A294A138000576643 /* PersonalInfoView.swift */; };
		56DD2367294B48470062BC21 /* MoneyGrowthGoal.swift in Sources */ = {isa = PBXBuildFile; fileRef = 56DD2366294B48470062BC21 /* MoneyGrowthGoal.swift */; };
		56DD2400294F2A2F0062BC21 /* FinancialInfoView.swift in Sources */ = {isa = PBXBuildFile; fileRef = 56DD23FF294F2A2F0062BC21 /* FinancialInfoView.swift */; };
		56DD2402294F329C0062BC21 /* RecurringLiabilitiesView.swift in Sources */ = {isa = PBXBuildFile; fileRef = 56DD2401294F329C0062BC21 /* RecurringLiabilitiesView.swift */; };
		5F060881294F4F7A00D29E0D /* Account.swift in Sources */ = {isa = PBXBuildFile; fileRef = 5F060880294F4F7A00D29E0D /* Account.swift */; };
		5F060883294F516900D29E0D /* manageView.swift in Sources */ = {isa = PBXBuildFile; fileRef = 5F060882294F516900D29E0D /* manageView.swift */; };
		87058071295087130062B3DA /* FinancialPlanInfo.swift in Sources */ = {isa = PBXBuildFile; fileRef = 87058070295087130062B3DA /* FinancialPlanInfo.swift */; };
		87058073295087C10062B3DA /* setUpInfo2.swift in Sources */ = {isa = PBXBuildFile; fileRef = 87058072295087C10062B3DA /* setUpInfo2.swift */; };
		87058075295089700062B3DA /* DetailsView.swift in Sources */ = {isa = PBXBuildFile; fileRef = 87058074295089700062B3DA /* DetailsView.swift */; };
		87C26CF2294B523C0006334F /* TabMainView.swift in Sources */ = {isa = PBXBuildFile; fileRef = 87C26CF1294B523C0006334F /* TabMainView.swift */; };
/* End PBXBuildFile section */

/* Begin PBXFileReference section */
		2B1DE9D42941F41D007F7518 /* FinanceManagmentApp.app */ = {isa = PBXFileReference; explicitFileType = wrapper.application; includeInIndex = 0; path = FinanceManagmentApp.app; sourceTree = BUILT_PRODUCTS_DIR; };
		2B1DE9D72941F41D007F7518 /* FinanceManagmentAppApp.swift */ = {isa = PBXFileReference; lastKnownFileType = sourcecode.swift; path = FinanceManagmentAppApp.swift; sourceTree = "<group>"; };
		2B1DE9D92941F41D007F7518 /* ContentView.swift */ = {isa = PBXFileReference; lastKnownFileType = sourcecode.swift; path = ContentView.swift; sourceTree = "<group>"; };
		2B1DE9DB2941F41E007F7518 /* Assets.xcassets */ = {isa = PBXFileReference; lastKnownFileType = folder.assetcatalog; path = Assets.xcassets; sourceTree = "<group>"; };
		2B1DE9DE2941F41E007F7518 /* Preview Assets.xcassets */ = {isa = PBXFileReference; lastKnownFileType = folder.assetcatalog; path = "Preview Assets.xcassets"; sourceTree = "<group>"; };
		2B1DE9EE2941FEA2007F7518 /* UI.swift */ = {isa = PBXFileReference; lastKnownFileType = sourcecode.swift; path = UI.swift; sourceTree = "<group>"; };
		2B962C4B2951BD10002DEFDE /* AddToWalletView2.swift */ = {isa = PBXFileReference; lastKnownFileType = sourcecode.swift; path = AddToWalletView2.swift; sourceTree = "<group>"; };
		2B962C4D2951BE4E002DEFDE /* AddToWalletView3.swift */ = {isa = PBXFileReference; lastKnownFileType = sourcecode.swift; path = AddToWalletView3.swift; sourceTree = "<group>"; };
		2B962C6029531407002DEFDE /* balanceLine.gif */ = {isa = PBXFileReference; lastKnownFileType = image.gif; path = balanceLine.gif; sourceTree = "<group>"; };
		2BC0801A294C817500B90371 /* WalletMain.swift */ = {isa = PBXFileReference; lastKnownFileType = sourcecode.swift; path = WalletMain.swift; sourceTree = "<group>"; };
		2BC0801C294C822600B90371 /* Cards.swift */ = {isa = PBXFileReference; lastKnownFileType = sourcecode.swift; path = Cards.swift; sourceTree = "<group>"; };
		2BC0801E294EE2A900B90371 /* InsightsView.swift */ = {isa = PBXFileReference; lastKnownFileType = sourcecode.swift; path = InsightsView.swift; sourceTree = "<group>"; };
		2BC08022294EEEDC00B90371 /* AccountView.swift */ = {isa = PBXFileReference; lastKnownFileType = sourcecode.swift; path = AccountView.swift; sourceTree = "<group>"; };
		2BC08024294F39FE00B90371 /* AddToWalletView.swift */ = {isa = PBXFileReference; lastKnownFileType = sourcecode.swift; path = AddToWalletView.swift; sourceTree = "<group>"; };
		2BF567D829475BB700A6E95B /* LoginViewModel.swift */ = {isa = PBXFileReference; lastKnownFileType = sourcecode.swift; path = LoginViewModel.swift; sourceTree = "<group>"; };
		2BF567DA29475CEE00A6E95B /* GoogleService-Info.plist */ = {isa = PBXFileReference; fileEncoding = 4; lastKnownFileType = text.plist.xml; path = "GoogleService-Info.plist"; sourceTree = "<group>"; };
		2BF567DF29475EB700A6E95B /* CountriesPhoneCode.swift */ = {isa = PBXFileReference; lastKnownFileType = sourcecode.swift; path = CountriesPhoneCode.swift; sourceTree = "<group>"; };
		2BF567E4294760F100A6E95B /* PhoneNumberPInfo.swift */ = {isa = PBXFileReference; lastKnownFileType = sourcecode.swift; path = PhoneNumberPInfo.swift; sourceTree = "<group>"; };
		2BF567E62947610900A6E95B /* OTPVerifivationPInfo.swift */ = {isa = PBXFileReference; lastKnownFileType = sourcecode.swift; path = OTPVerifivationPInfo.swift; sourceTree = "<group>"; };
		2BF567E82947632700A6E95B /* Info.plist */ = {isa = PBXFileReference; lastKnownFileType = text.plist; path = Info.plist; sourceTree = "<group>"; };
		2BF567EA2947734200A6E95B /* SplashView.swift */ = {isa = PBXFileReference; lastKnownFileType = sourcecode.swift; path = SplashView.swift; sourceTree = "<group>"; };
		2BF567EC294773EF00A6E95B /* SetupInfoView.swift */ = {isa = PBXFileReference; lastKnownFileType = sourcecode.swift; path = SetupInfoView.swift; sourceTree = "<group>"; };
		2BF567F32947BD1300A6E95B /* Login.swift */ = {isa = PBXFileReference; lastKnownFileType = sourcecode.swift; path = Login.swift; sourceTree = "<group>"; };
		2BF567F52947BD2F00A6E95B /* OTPVerifivation.swift */ = {isa = PBXFileReference; lastKnownFileType = sourcecode.swift; path = OTPVerifivation.swift; sourceTree = "<group>"; };
		2BF567F82948648600A6E95B /* FaceIdPermission.swift */ = {isa = PBXFileReference; lastKnownFileType = sourcecode.swift; path = FaceIdPermission.swift; sourceTree = "<group>"; };
		2BF567FA2948649600A6E95B /* NotificationsPermission.swift */ = {isa = PBXFileReference; lastKnownFileType = sourcecode.swift; path = NotificationsPermission.swift; sourceTree = "<group>"; };
		2BF568382949139400A6E95B /* User.swift */ = {isa = PBXFileReference; lastKnownFileType = sourcecode.swift; path = User.swift; sourceTree = "<group>"; };
		2BF5683A294A640E00A6E95B /* APIContentViewModel.swift */ = {isa = PBXFileReference; lastKnownFileType = sourcecode.swift; path = APIContentViewModel.swift; sourceTree = "<group>"; };
		2BF5683C294A642A00A6E95B /* Transactions.swift */ = {isa = PBXFileReference; lastKnownFileType = sourcecode.swift; path = Transactions.swift; sourceTree = "<group>"; };
		2BF5683E294A645100A6E95B /* TransactionsView.swift */ = {isa = PBXFileReference; lastKnownFileType = sourcecode.swift; path = TransactionsView.swift; sourceTree = "<group>"; };
		2BF56840294A648C00A6E95B /* API.swift */ = {isa = PBXFileReference; lastKnownFileType = sourcecode.swift; path = API.swift; sourceTree = "<group>"; };
		2BF56842294A649A00A6E95B /* APIService.swift */ = {isa = PBXFileReference; lastKnownFileType = sourcecode.swift; path = APIService.swift; sourceTree = "<group>"; };
		5624E4BA2952022A00F6E701 /* LiabilitesView.swift */ = {isa = PBXFileReference; lastKnownFileType = sourcecode.swift; path = LiabilitesView.swift; sourceTree = "<group>"; };
		5691E10A294A138000576643 /* PersonalInfoView.swift */ = {isa = PBXFileReference; lastKnownFileType = sourcecode.swift; path = PersonalInfoView.swift; sourceTree = "<group>"; };
		56DD2366294B48470062BC21 /* MoneyGrowthGoal.swift */ = {isa = PBXFileReference; lastKnownFileType = sourcecode.swift; path = MoneyGrowthGoal.swift; sourceTree = "<group>"; };
		56DD23FF294F2A2F0062BC21 /* FinancialInfoView.swift */ = {isa = PBXFileReference; lastKnownFileType = sourcecode.swift; path = FinancialInfoView.swift; sourceTree = "<group>"; };
		56DD2401294F329C0062BC21 /* RecurringLiabilitiesView.swift */ = {isa = PBXFileReference; lastKnownFileType = sourcecode.swift; path = RecurringLiabilitiesView.swift; sourceTree = "<group>"; };
		5F060880294F4F7A00D29E0D /* Account.swift */ = {isa = PBXFileReference; lastKnownFileType = sourcecode.swift; path = Account.swift; sourceTree = "<group>"; };
		5F060882294F516900D29E0D /* manageView.swift */ = {isa = PBXFileReference; lastKnownFileType = sourcecode.swift; path = manageView.swift; sourceTree = "<group>"; };
		87058070295087130062B3DA /* FinancialPlanInfo.swift */ = {isa = PBXFileReference; lastKnownFileType = sourcecode.swift; path = FinancialPlanInfo.swift; sourceTree = "<group>"; };
		87058072295087C10062B3DA /* setUpInfo2.swift */ = {isa = PBXFileReference; lastKnownFileType = sourcecode.swift; path = setUpInfo2.swift; sourceTree = "<group>"; };
		87058074295089700062B3DA /* DetailsView.swift */ = {isa = PBXFileReference; lastKnownFileType = sourcecode.swift; path = DetailsView.swift; sourceTree = "<group>"; };
		87C26CF1294B523C0006334F /* TabMainView.swift */ = {isa = PBXFileReference; lastKnownFileType = sourcecode.swift; path = TabMainView.swift; sourceTree = "<group>"; };
/* End PBXFileReference section */

/* Begin PBXFrameworksBuildPhase section */
		2B1DE9D12941F41D007F7518 /* Frameworks */ = {
			isa = PBXFrameworksBuildPhase;
			buildActionMask = 2147483647;
			files = (
				2BF567DE29475DE300A6E95B /* FirebaseAuth in Frameworks */,
				2B962C5F29531297002DEFDE /* FLAnimatedImage in Frameworks */,
			);
			runOnlyForDeploymentPostprocessing = 0;
		};
/* End PBXFrameworksBuildPhase section */

/* Begin PBXGroup section */
		2B1DE9CB2941F41D007F7518 = {
			isa = PBXGroup;
			children = (
				2B1DE9D62941F41D007F7518 /* FinanceManagmentApp */,
				2B1DE9D52941F41D007F7518 /* Products */,
			);
			sourceTree = "<group>";
		};
		2B1DE9D52941F41D007F7518 /* Products */ = {
			isa = PBXGroup;
			children = (
				2B1DE9D42941F41D007F7518 /* FinanceManagmentApp.app */,
			);
			name = Products;
			sourceTree = "<group>";
		};
		2B1DE9D62941F41D007F7518 /* FinanceManagmentApp */ = {
			isa = PBXGroup;
			children = (
				2BF567E82947632700A6E95B /* Info.plist */,
				2BF567DA29475CEE00A6E95B /* GoogleService-Info.plist */,
				2B1DE9E82941F5A9007F7518 /* Networking */,
				2B1DE9E72941F59D007F7518 /* View */,
				2B1DE9E62941F595007F7518 /* Model */,
				2B1DE9E52941F58C007F7518 /* ViewModel */,
				2B1DE9D72941F41D007F7518 /* FinanceManagmentAppApp.swift */,
				2B1DE9DB2941F41E007F7518 /* Assets.xcassets */,
				2B1DE9DD2941F41E007F7518 /* Preview Content */,
			);
			path = FinanceManagmentApp;
			sourceTree = "<group>";
		};
		2B1DE9DD2941F41E007F7518 /* Preview Content */ = {
			isa = PBXGroup;
			children = (
				2B1DE9DE2941F41E007F7518 /* Preview Assets.xcassets */,
			);
			path = "Preview Content";
			sourceTree = "<group>";
		};
		2B1DE9E52941F58C007F7518 /* ViewModel */ = {
			isa = PBXGroup;
			children = (
				2BF567D829475BB700A6E95B /* LoginViewModel.swift */,
				2BF5683A294A640E00A6E95B /* APIContentViewModel.swift */,
			);
			path = ViewModel;
			sourceTree = "<group>";
		};
		2B1DE9E62941F595007F7518 /* Model */ = {
			isa = PBXGroup;
			children = (
				2BF567DF29475EB700A6E95B /* CountriesPhoneCode.swift */,
				2BF568382949139400A6E95B /* User.swift */,
				2BF5683C294A642A00A6E95B /* Transactions.swift */,
				2BC0801C294C822600B90371 /* Cards.swift */,
			);
			path = Model;
			sourceTree = "<group>";
		};
		2B1DE9E72941F59D007F7518 /* View */ = {
			isa = PBXGroup;
			children = (
				2B962C6029531407002DEFDE /* balanceLine.gif */,
				2BC07FF2294B119A00B90371 /* Core Views */,
				2BF567F22947BCFD00A6E95B /* Login */,
				2BF567E9294772F100A6E95B /* Splash and on boarding */,
				2BF567E1294760B500A6E95B /* Setup Views */,
				2B1DE9D92941F41D007F7518 /* ContentView.swift */,
				2B1DE9EE2941FEA2007F7518 /* UI.swift */,
				2BF5683E294A645100A6E95B /* TransactionsView.swift */,
				87058074295089700062B3DA /* DetailsView.swift */,
			);
			path = View;
			sourceTree = "<group>";
		};
		2B1DE9E82941F5A9007F7518 /* Networking */ = {
			isa = PBXGroup;
			children = (
				2BF56840294A648C00A6E95B /* API.swift */,
				2BF56842294A649A00A6E95B /* APIService.swift */,
			);
			path = Networking;
			sourceTree = "<group>";
		};
		2B962C4A2951BC2B002DEFDE /* Add To Apple Wallet */ = {
			isa = PBXGroup;
			children = (
				2BC08024294F39FE00B90371 /* AddToWalletView.swift */,
				2B962C4B2951BD10002DEFDE /* AddToWalletView2.swift */,
				2B962C4D2951BE4E002DEFDE /* AddToWalletView3.swift */,
			);
			path = "Add To Apple Wallet";
			sourceTree = "<group>";
		};
		2BC07FF2294B119A00B90371 /* Core Views */ = {
			isa = PBXGroup;
			children = (
				87C26CF1294B523C0006334F /* TabMainView.swift */,
				2BC0801A294C817500B90371 /* WalletMain.swift */,
				2BC0801E294EE2A900B90371 /* InsightsView.swift */,
				2BC08022294EEEDC00B90371 /* AccountView.swift */,
				5F060882294F516900D29E0D /* manageView.swift */,
				5624E4BA2952022A00F6E701 /* LiabilitesView.swift */,
			);
			path = "Core Views";
			sourceTree = "<group>";
		};
		2BF567E1294760B500A6E95B /* Setup Views */ = {
			isa = PBXGroup;
			children = (
				2B962C4A2951BC2B002DEFDE /* Add To Apple Wallet */,
				2BF567F72948646200A6E95B /* Permissions  */,
				2BF567E3294760D500A6E95B /* Financial Information */,
				2BF567E2294760C500A6E95B /* Basic Information */,
				2BF567EC294773EF00A6E95B /* SetupInfoView.swift */,
				87058072295087C10062B3DA /* setUpInfo2.swift */,
				87058070295087130062B3DA /* FinancialPlanInfo.swift */,
			);
			path = "Setup Views";
			sourceTree = "<group>";
		};
		2BF567E2294760C500A6E95B /* Basic Information */ = {
			isa = PBXGroup;
			children = (
				2BF567E4294760F100A6E95B /* PhoneNumberPInfo.swift */,
				2BF567E62947610900A6E95B /* OTPVerifivationPInfo.swift */,
				5691E10A294A138000576643 /* PersonalInfoView.swift */,
			);
			path = "Basic Information";
			sourceTree = "<group>";
		};
		2BF567E3294760D500A6E95B /* Financial Information */ = {
			isa = PBXGroup;
			children = (
				56DD23FF294F2A2F0062BC21 /* FinancialInfoView.swift */,
				56DD2401294F329C0062BC21 /* RecurringLiabilitiesView.swift */,
				56DD2366294B48470062BC21 /* MoneyGrowthGoal.swift */,
				5F060880294F4F7A00D29E0D /* Account.swift */,
			);
			path = "Financial Information";
			sourceTree = "<group>";
		};
		2BF567E9294772F100A6E95B /* Splash and on boarding */ = {
			isa = PBXGroup;
			children = (
				2BF567EA2947734200A6E95B /* SplashView.swift */,
			);
			path = "Splash and on boarding";
			sourceTree = "<group>";
		};
		2BF567F22947BCFD00A6E95B /* Login */ = {
			isa = PBXGroup;
			children = (
				2BF567F32947BD1300A6E95B /* Login.swift */,
				2BF567F52947BD2F00A6E95B /* OTPVerifivation.swift */,
			);
			path = Login;
			sourceTree = "<group>";
		};
		2BF567F72948646200A6E95B /* Permissions  */ = {
			isa = PBXGroup;
			children = (
				2BF567F82948648600A6E95B /* FaceIdPermission.swift */,
				2BF567FA2948649600A6E95B /* NotificationsPermission.swift */,
			);
			path = "Permissions ";
			sourceTree = "<group>";
		};
/* End PBXGroup section */

/* Begin PBXNativeTarget section */
		2B1DE9D32941F41D007F7518 /* FinanceManagmentApp */ = {
			isa = PBXNativeTarget;
			buildConfigurationList = 2B1DE9E22941F41E007F7518 /* Build configuration list for PBXNativeTarget "FinanceManagmentApp" */;
			buildPhases = (
				2B1DE9D02941F41D007F7518 /* Sources */,
				2B1DE9D12941F41D007F7518 /* Frameworks */,
				2B1DE9D22941F41D007F7518 /* Resources */,
			);
			buildRules = (
			);
			dependencies = (
			);
			name = FinanceManagmentApp;
			packageProductDependencies = (
				2BF567DD29475DE300A6E95B /* FirebaseAuth */,
				2B962C5E29531297002DEFDE /* FLAnimatedImage */,
			);
			productName = FinanceManagmentApp;
			productReference = 2B1DE9D42941F41D007F7518 /* FinanceManagmentApp.app */;
			productType = "com.apple.product-type.application";
		};
/* End PBXNativeTarget section */

/* Begin PBXProject section */
		2B1DE9CC2941F41D007F7518 /* Project object */ = {
			isa = PBXProject;
			attributes = {
				BuildIndependentTargetsInParallel = 1;
				LastSwiftUpdateCheck = 1400;
				LastUpgradeCheck = 1400;
				TargetAttributes = {
					2B1DE9D32941F41D007F7518 = {
						CreatedOnToolsVersion = 14.0.1;
					};
				};
			};
			buildConfigurationList = 2B1DE9CF2941F41D007F7518 /* Build configuration list for PBXProject "FinanceManagmentApp" */;
			compatibilityVersion = "Xcode 14.0";
			developmentRegion = en;
			hasScannedForEncodings = 0;
			knownRegions = (
				en,
				Base,
			);
			mainGroup = 2B1DE9CB2941F41D007F7518;
			packageReferences = (
				2BF567DC29475DE300A6E95B /* XCRemoteSwiftPackageReference "firebase-ios-sdk" */,
				2B962C5D29531297002DEFDE /* XCRemoteSwiftPackageReference "FLAnimatedImage" */,
			);
			productRefGroup = 2B1DE9D52941F41D007F7518 /* Products */;
			projectDirPath = "";
			projectRoot = "";
			targets = (
				2B1DE9D32941F41D007F7518 /* FinanceManagmentApp */,
			);
		};
/* End PBXProject section */

/* Begin PBXResourcesBuildPhase section */
		2B1DE9D22941F41D007F7518 /* Resources */ = {
			isa = PBXResourcesBuildPhase;
			buildActionMask = 2147483647;
			files = (
				2B1DE9DF2941F41E007F7518 /* Preview Assets.xcassets in Resources */,
				2B962C6129531407002DEFDE /* balanceLine.gif in Resources */,
				2B1DE9DC2941F41E007F7518 /* Assets.xcassets in Resources */,
				2BF567DB29475CEE00A6E95B /* GoogleService-Info.plist in Resources */,
			);
			runOnlyForDeploymentPostprocessing = 0;
		};
/* End PBXResourcesBuildPhase section */

/* Begin PBXSourcesBuildPhase section */
		2B1DE9D02941F41D007F7518 /* Sources */ = {
			isa = PBXSourcesBuildPhase;
			buildActionMask = 2147483647;
			files = (
				2BF567F92948648600A6E95B /* FaceIdPermission.swift in Sources */,
				5F060883294F516900D29E0D /* manageView.swift in Sources */,
				2BC0801F294EE2A900B90371 /* InsightsView.swift in Sources */,
				2BF56841294A648C00A6E95B /* API.swift in Sources */,
				2BF567E029475EB700A6E95B /* CountriesPhoneCode.swift in Sources */,
				87058073295087C10062B3DA /* setUpInfo2.swift in Sources */,
				2BC0801D294C822600B90371 /* Cards.swift in Sources */,
				2B1DE9DA2941F41D007F7518 /* ContentView.swift in Sources */,
				2BC08023294EEEDC00B90371 /* AccountView.swift in Sources */,
				2BF567E72947610900A6E95B /* OTPVerifivationPInfo.swift in Sources */,
				2BF567E5294760F100A6E95B /* PhoneNumberPInfo.swift in Sources */,
				5F060881294F4F7A00D29E0D /* Account.swift in Sources */,
				2BF56843294A649A00A6E95B /* APIService.swift in Sources */,
				2BF5683F294A645100A6E95B /* TransactionsView.swift in Sources */,
				2BC08025294F39FE00B90371 /* AddToWalletView.swift in Sources */,
				87058071295087130062B3DA /* FinancialPlanInfo.swift in Sources */,
				2BF5683B294A640E00A6E95B /* APIContentViewModel.swift in Sources */,
				2BC0801B294C817500B90371 /* WalletMain.swift in Sources */,
				87C26CF2294B523C0006334F /* TabMainView.swift in Sources */,
				2BF567D929475BB700A6E95B /* LoginViewModel.swift in Sources */,
				2BF567F62947BD2F00A6E95B /* OTPVerifivation.swift in Sources */,
				2B1DE9D82941F41D007F7518 /* FinanceManagmentAppApp.swift in Sources */,
				2BF568392949139400A6E95B /* User.swift in Sources */,
				56DD2367294B48470062BC21 /* MoneyGrowthGoal.swift in Sources */,
				2B962C4E2951BE4E002DEFDE /* AddToWalletView3.swift in Sources */,
				2BF5683D294A642A00A6E95B /* Transactions.swift in Sources */,
				2BF567ED294773EF00A6E95B /* SetupInfoView.swift in Sources */,
				2B1DE9EF2941FEA2007F7518 /* UI.swift in Sources */,
				2B962C4C2951BD10002DEFDE /* AddToWalletView2.swift in Sources */,
				56DD2400294F2A2F0062BC21 /* FinancialInfoView.swift in Sources */,
				5691E10B294A138000576643 /* PersonalInfoView.swift in Sources */,
				56DD2402294F329C0062BC21 /* RecurringLiabilitiesView.swift in Sources */,
				2BF567FB2948649600A6E95B /* NotificationsPermission.swift in Sources */,
				87058075295089700062B3DA /* DetailsView.swift in Sources */,
				2BF567F42947BD1300A6E95B /* Login.swift in Sources */,
				2BF567EB2947734200A6E95B /* SplashView.swift in Sources */,
				5624E4BB2952022A00F6E701 /* LiabilitesView.swift in Sources */,
			);
			runOnlyForDeploymentPostprocessing = 0;
		};
/* End PBXSourcesBuildPhase section */

/* Begin XCBuildConfiguration section */
		2B1DE9E02941F41E007F7518 /* Debug */ = {
			isa = XCBuildConfiguration;
			buildSettings = {
				ALWAYS_SEARCH_USER_PATHS = NO;
				CLANG_ANALYZER_NONNULL = YES;
				CLANG_ANALYZER_NUMBER_OBJECT_CONVERSION = YES_AGGRESSIVE;
				CLANG_CXX_LANGUAGE_STANDARD = "gnu++20";
				CLANG_ENABLE_MODULES = YES;
				CLANG_ENABLE_OBJC_ARC = YES;
				CLANG_ENABLE_OBJC_WEAK = YES;
				CLANG_WARN_BLOCK_CAPTURE_AUTORELEASING = YES;
				CLANG_WARN_BOOL_CONVERSION = YES;
				CLANG_WARN_COMMA = YES;
				CLANG_WARN_CONSTANT_CONVERSION = YES;
				CLANG_WARN_DEPRECATED_OBJC_IMPLEMENTATIONS = YES;
				CLANG_WARN_DIRECT_OBJC_ISA_USAGE = YES_ERROR;
				CLANG_WARN_DOCUMENTATION_COMMENTS = YES;
				CLANG_WARN_EMPTY_BODY = YES;
				CLANG_WARN_ENUM_CONVERSION = YES;
				CLANG_WARN_INFINITE_RECURSION = YES;
				CLANG_WARN_INT_CONVERSION = YES;
				CLANG_WARN_NON_LITERAL_NULL_CONVERSION = YES;
				CLANG_WARN_OBJC_IMPLICIT_RETAIN_SELF = YES;
				CLANG_WARN_OBJC_LITERAL_CONVERSION = YES;
				CLANG_WARN_OBJC_ROOT_CLASS = YES_ERROR;
				CLANG_WARN_QUOTED_INCLUDE_IN_FRAMEWORK_HEADER = YES;
				CLANG_WARN_RANGE_LOOP_ANALYSIS = YES;
				CLANG_WARN_STRICT_PROTOTYPES = YES;
				CLANG_WARN_SUSPICIOUS_MOVE = YES;
				CLANG_WARN_UNGUARDED_AVAILABILITY = YES_AGGRESSIVE;
				CLANG_WARN_UNREACHABLE_CODE = YES;
				CLANG_WARN__DUPLICATE_METHOD_MATCH = YES;
				COPY_PHASE_STRIP = NO;
				DEBUG_INFORMATION_FORMAT = dwarf;
				ENABLE_STRICT_OBJC_MSGSEND = YES;
				ENABLE_TESTABILITY = YES;
				GCC_C_LANGUAGE_STANDARD = gnu11;
				GCC_DYNAMIC_NO_PIC = NO;
				GCC_NO_COMMON_BLOCKS = YES;
				GCC_OPTIMIZATION_LEVEL = 0;
				GCC_PREPROCESSOR_DEFINITIONS = (
					"DEBUG=1",
					"$(inherited)",
				);
				GCC_WARN_64_TO_32_BIT_CONVERSION = YES;
				GCC_WARN_ABOUT_RETURN_TYPE = YES_ERROR;
				GCC_WARN_UNDECLARED_SELECTOR = YES;
				GCC_WARN_UNINITIALIZED_AUTOS = YES_AGGRESSIVE;
				GCC_WARN_UNUSED_FUNCTION = YES;
				GCC_WARN_UNUSED_VARIABLE = YES;
				IPHONEOS_DEPLOYMENT_TARGET = 16.0;
				MTL_ENABLE_DEBUG_INFO = INCLUDE_SOURCE;
				MTL_FAST_MATH = YES;
				ONLY_ACTIVE_ARCH = YES;
				SDKROOT = iphoneos;
				SWIFT_ACTIVE_COMPILATION_CONDITIONS = DEBUG;
				SWIFT_OPTIMIZATION_LEVEL = "-Onone";
			};
			name = Debug;
		};
		2B1DE9E12941F41E007F7518 /* Release */ = {
			isa = XCBuildConfiguration;
			buildSettings = {
				ALWAYS_SEARCH_USER_PATHS = NO;
				CLANG_ANALYZER_NONNULL = YES;
				CLANG_ANALYZER_NUMBER_OBJECT_CONVERSION = YES_AGGRESSIVE;
				CLANG_CXX_LANGUAGE_STANDARD = "gnu++20";
				CLANG_ENABLE_MODULES = YES;
				CLANG_ENABLE_OBJC_ARC = YES;
				CLANG_ENABLE_OBJC_WEAK = YES;
				CLANG_WARN_BLOCK_CAPTURE_AUTORELEASING = YES;
				CLANG_WARN_BOOL_CONVERSION = YES;
				CLANG_WARN_COMMA = YES;
				CLANG_WARN_CONSTANT_CONVERSION = YES;
				CLANG_WARN_DEPRECATED_OBJC_IMPLEMENTATIONS = YES;
				CLANG_WARN_DIRECT_OBJC_ISA_USAGE = YES_ERROR;
				CLANG_WARN_DOCUMENTATION_COMMENTS = YES;
				CLANG_WARN_EMPTY_BODY = YES;
				CLANG_WARN_ENUM_CONVERSION = YES;
				CLANG_WARN_INFINITE_RECURSION = YES;
				CLANG_WARN_INT_CONVERSION = YES;
				CLANG_WARN_NON_LITERAL_NULL_CONVERSION = YES;
				CLANG_WARN_OBJC_IMPLICIT_RETAIN_SELF = YES;
				CLANG_WARN_OBJC_LITERAL_CONVERSION = YES;
				CLANG_WARN_OBJC_ROOT_CLASS = YES_ERROR;
				CLANG_WARN_QUOTED_INCLUDE_IN_FRAMEWORK_HEADER = YES;
				CLANG_WARN_RANGE_LOOP_ANALYSIS = YES;
				CLANG_WARN_STRICT_PROTOTYPES = YES;
				CLANG_WARN_SUSPICIOUS_MOVE = YES;
				CLANG_WARN_UNGUARDED_AVAILABILITY = YES_AGGRESSIVE;
				CLANG_WARN_UNREACHABLE_CODE = YES;
				CLANG_WARN__DUPLICATE_METHOD_MATCH = YES;
				COPY_PHASE_STRIP = NO;
				DEBUG_INFORMATION_FORMAT = "dwarf-with-dsym";
				ENABLE_NS_ASSERTIONS = NO;
				ENABLE_STRICT_OBJC_MSGSEND = YES;
				GCC_C_LANGUAGE_STANDARD = gnu11;
				GCC_NO_COMMON_BLOCKS = YES;
				GCC_WARN_64_TO_32_BIT_CONVERSION = YES;
				GCC_WARN_ABOUT_RETURN_TYPE = YES_ERROR;
				GCC_WARN_UNDECLARED_SELECTOR = YES;
				GCC_WARN_UNINITIALIZED_AUTOS = YES_AGGRESSIVE;
				GCC_WARN_UNUSED_FUNCTION = YES;
				GCC_WARN_UNUSED_VARIABLE = YES;
				IPHONEOS_DEPLOYMENT_TARGET = 16.0;
				MTL_ENABLE_DEBUG_INFO = NO;
				MTL_FAST_MATH = YES;
				SDKROOT = iphoneos;
				SWIFT_COMPILATION_MODE = wholemodule;
				SWIFT_OPTIMIZATION_LEVEL = "-O";
				VALIDATE_PRODUCT = YES;
			};
			name = Release;
		};
		2B1DE9E32941F41E007F7518 /* Debug */ = {
			isa = XCBuildConfiguration;
			buildSettings = {
				ASSETCATALOG_COMPILER_APPICON_NAME = AppIcon;
				ASSETCATALOG_COMPILER_GLOBAL_ACCENT_COLOR_NAME = AccentColor;
				CODE_SIGN_STYLE = Automatic;
				CURRENT_PROJECT_VERSION = 1;
				DEVELOPMENT_ASSET_PATHS = "\"FinanceManagmentApp/Preview Content\"";
				DEVELOPMENT_TEAM = 7MYQ7W5DQV;
				ENABLE_PREVIEWS = YES;
				GENERATE_INFOPLIST_FILE = YES;
				INFOPLIST_FILE = FinanceManagmentApp/Info.plist;
				INFOPLIST_KEY_NSFaceIDUsageDescription = "Face Id is a convenient and secure method to signin";
				INFOPLIST_KEY_UIApplicationSceneManifest_Generation = YES;
				INFOPLIST_KEY_UIApplicationSupportsIndirectInputEvents = YES;
				INFOPLIST_KEY_UILaunchScreen_Generation = YES;
				INFOPLIST_KEY_UISupportedInterfaceOrientations_iPad = "UIInterfaceOrientationPortrait UIInterfaceOrientationPortraitUpsideDown UIInterfaceOrientationLandscapeLeft UIInterfaceOrientationLandscapeRight";
				INFOPLIST_KEY_UISupportedInterfaceOrientations_iPhone = "UIInterfaceOrientationPortrait UIInterfaceOrientationLandscapeLeft UIInterfaceOrientationLandscapeRight";
				IPHONEOS_DEPLOYMENT_TARGET = 16.0;
				LD_RUNPATH_SEARCH_PATHS = (
					"$(inherited)",
					"@executable_path/Frameworks",
				);
				MARKETING_VERSION = 1.0;
				PRODUCT_BUNDLE_IDENTIFIER = com.FinanceManagmentApp;
				PRODUCT_NAME = "$(TARGET_NAME)";
				SWIFT_EMIT_LOC_STRINGS = YES;
				SWIFT_VERSION = 5.0;
				TARGETED_DEVICE_FAMILY = "1,2";
			};
			name = Debug;
		};
		2B1DE9E42941F41E007F7518 /* Release */ = {
			isa = XCBuildConfiguration;
			buildSettings = {
				ASSETCATALOG_COMPILER_APPICON_NAME = AppIcon;
				ASSETCATALOG_COMPILER_GLOBAL_ACCENT_COLOR_NAME = AccentColor;
				CODE_SIGN_STYLE = Automatic;
				CURRENT_PROJECT_VERSION = 1;
				DEVELOPMENT_ASSET_PATHS = "\"FinanceManagmentApp/Preview Content\"";
				DEVELOPMENT_TEAM = 7MYQ7W5DQV;
				ENABLE_PREVIEWS = YES;
				GENERATE_INFOPLIST_FILE = YES;
				INFOPLIST_FILE = FinanceManagmentApp/Info.plist;
				INFOPLIST_KEY_NSFaceIDUsageDescription = "Face Id is a convenient and secure method to signin";
				INFOPLIST_KEY_UIApplicationSceneManifest_Generation = YES;
				INFOPLIST_KEY_UIApplicationSupportsIndirectInputEvents = YES;
				INFOPLIST_KEY_UILaunchScreen_Generation = YES;
				INFOPLIST_KEY_UISupportedInterfaceOrientations_iPad = "UIInterfaceOrientationPortrait UIInterfaceOrientationPortraitUpsideDown UIInterfaceOrientationLandscapeLeft UIInterfaceOrientationLandscapeRight";
				INFOPLIST_KEY_UISupportedInterfaceOrientations_iPhone = "UIInterfaceOrientationPortrait UIInterfaceOrientationLandscapeLeft UIInterfaceOrientationLandscapeRight";
				IPHONEOS_DEPLOYMENT_TARGET = 16.0;
				LD_RUNPATH_SEARCH_PATHS = (
					"$(inherited)",
					"@executable_path/Frameworks",
				);
				MARKETING_VERSION = 1.0;
				PRODUCT_BUNDLE_IDENTIFIER = com.FinanceManagmentApp;
				PRODUCT_NAME = "$(TARGET_NAME)";
				SWIFT_EMIT_LOC_STRINGS = YES;
				SWIFT_VERSION = 5.0;
				TARGETED_DEVICE_FAMILY = "1,2";
			};
			name = Release;
		};
/* End XCBuildConfiguration section */

/* Begin XCConfigurationList section */
		2B1DE9CF2941F41D007F7518 /* Build configuration list for PBXProject "FinanceManagmentApp" */ = {
			isa = XCConfigurationList;
			buildConfigurations = (
				2B1DE9E02941F41E007F7518 /* Debug */,
				2B1DE9E12941F41E007F7518 /* Release */,
			);
			defaultConfigurationIsVisible = 0;
			defaultConfigurationName = Release;
		};
		2B1DE9E22941F41E007F7518 /* Build configuration list for PBXNativeTarget "FinanceManagmentApp" */ = {
			isa = XCConfigurationList;
			buildConfigurations = (
				2B1DE9E32941F41E007F7518 /* Debug */,
				2B1DE9E42941F41E007F7518 /* Release */,
			);
			defaultConfigurationIsVisible = 0;
			defaultConfigurationName = Release;
		};
/* End XCConfigurationList section */

/* Begin XCRemoteSwiftPackageReference section */
		2B962C5D29531297002DEFDE /* XCRemoteSwiftPackageReference "FLAnimatedImage" */ = {
			isa = XCRemoteSwiftPackageReference;
			repositoryURL = "https://github.com/Flipboard/FLAnimatedImage";
			requirement = {
				branch = master;
				kind = branch;
			};
		};
		2BF567DC29475DE300A6E95B /* XCRemoteSwiftPackageReference "firebase-ios-sdk" */ = {
			isa = XCRemoteSwiftPackageReference;
			repositoryURL = "https://github.com/firebase/firebase-ios-sdk";
			requirement = {
				branch = master;
				kind = branch;
			};
		};
/* End XCRemoteSwiftPackageReference section */

/* Begin XCSwiftPackageProductDependency section */
		2B962C5E29531297002DEFDE /* FLAnimatedImage */ = {
			isa = XCSwiftPackageProductDependency;
			package = 2B962C5D29531297002DEFDE /* XCRemoteSwiftPackageReference "FLAnimatedImage" */;
			productName = FLAnimatedImage;
		};
		2BF567DD29475DE300A6E95B /* FirebaseAuth */ = {
			isa = XCSwiftPackageProductDependency;
			package = 2BF567DC29475DE300A6E95B /* XCRemoteSwiftPackageReference "firebase-ios-sdk" */;
			productName = FirebaseAuth;
		};
/* End XCSwiftPackageProductDependency section */
	};
	rootObject = 2B1DE9CC2941F41D007F7518 /* Project object */;
}
